// !$*UTF8*$!
{
	archiveVersion = 1;
	classes = {
	};
	objectVersion = 55;
	objects = {

/* Begin PBXBuildFile section */
		06B1C4E22815BFE8006264F5 /* MoviesView.swift in Sources */ = {isa = PBXBuildFile; fileRef = 06B1C4E12815BFE8006264F5 /* MoviesView.swift */; };
		06B1C4E428165B12006264F5 /* HomeView.swift in Sources */ = {isa = PBXBuildFile; fileRef = 06B1C4E328165B12006264F5 /* HomeView.swift */; };
		06DD04A82813D55200CDFD27 /* deltaTreApp.swift in Sources */ = {isa = PBXBuildFile; fileRef = 06DD04A72813D55200CDFD27 /* deltaTreApp.swift */; };
		06DD04AA2813D55300CDFD27 /* ContentView.swift in Sources */ = {isa = PBXBuildFile; fileRef = 06DD04A92813D55300CDFD27 /* ContentView.swift */; };
		06DD04AC2813D55500CDFD27 /* Assets.xcassets in Resources */ = {isa = PBXBuildFile; fileRef = 06DD04AB2813D55500CDFD27 /* Assets.xcassets */; };
		06DD04AF2813D55500CDFD27 /* Preview Assets.xcassets in Resources */ = {isa = PBXBuildFile; fileRef = 06DD04AE2813D55500CDFD27 /* Preview Assets.xcassets */; };
		B2EBCB201EED577C120C2236 /* Pods_deltaTre.framework in Frameworks */ = {isa = PBXBuildFile; fileRef = CB9ABBE60DD67C2229C41609 /* Pods_deltaTre.framework */; };
/* End PBXBuildFile section */

/* Begin PBXFileReference section */
		06B1C4E12815BFE8006264F5 /* MoviesView.swift */ = {isa = PBXFileReference; lastKnownFileType = sourcecode.swift; path = MoviesView.swift; sourceTree = "<group>"; };
		06B1C4E328165B12006264F5 /* HomeView.swift */ = {isa = PBXFileReference; lastKnownFileType = sourcecode.swift; path = HomeView.swift; sourceTree = "<group>"; };
		06DD04A42813D55200CDFD27 /* deltaTre.app */ = {isa = PBXFileReference; explicitFileType = wrapper.application; includeInIndex = 0; path = deltaTre.app; sourceTree = BUILT_PRODUCTS_DIR; };
		06DD04A72813D55200CDFD27 /* deltaTreApp.swift */ = {isa = PBXFileReference; lastKnownFileType = sourcecode.swift; path = deltaTreApp.swift; sourceTree = "<group>"; };
		06DD04A92813D55300CDFD27 /* ContentView.swift */ = {isa = PBXFileReference; lastKnownFileType = sourcecode.swift; path = ContentView.swift; sourceTree = "<group>"; };
		06DD04AB2813D55500CDFD27 /* Assets.xcassets */ = {isa = PBXFileReference; lastKnownFileType = folder.assetcatalog; path = Assets.xcassets; sourceTree = "<group>"; };
		06DD04AE2813D55500CDFD27 /* Preview Assets.xcassets */ = {isa = PBXFileReference; lastKnownFileType = folder.assetcatalog; path = "Preview Assets.xcassets"; sourceTree = "<group>"; };
		BC4340A18896393026C87FA2 /* Pods-deltaTre.debug.xcconfig */ = {isa = PBXFileReference; includeInIndex = 1; lastKnownFileType = text.xcconfig; name = "Pods-deltaTre.debug.xcconfig"; path = "Target Support Files/Pods-deltaTre/Pods-deltaTre.debug.xcconfig"; sourceTree = "<group>"; };
		C34A893DC47B8F2B3F66945F /* Pods-deltaTre.release.xcconfig */ = {isa = PBXFileReference; includeInIndex = 1; lastKnownFileType = text.xcconfig; name = "Pods-deltaTre.release.xcconfig"; path = "Target Support Files/Pods-deltaTre/Pods-deltaTre.release.xcconfig"; sourceTree = "<group>"; };
		CB9ABBE60DD67C2229C41609 /* Pods_deltaTre.framework */ = {isa = PBXFileReference; explicitFileType = wrapper.framework; includeInIndex = 0; path = Pods_deltaTre.framework; sourceTree = BUILT_PRODUCTS_DIR; };
/* End PBXFileReference section */

/* Begin PBXFrameworksBuildPhase section */
		06DD04A12813D55200CDFD27 /* Frameworks */ = {
			isa = PBXFrameworksBuildPhase;
			buildActionMask = 2147483647;
			files = (
				B2EBCB201EED577C120C2236 /* Pods_deltaTre.framework in Frameworks */,
			);
			runOnlyForDeploymentPostprocessing = 0;
		};
/* End PBXFrameworksBuildPhase section */

/* Begin PBXGroup section */
		06DD049B2813D55200CDFD27 = {
			isa = PBXGroup;
			children = (
				06DD04A62813D55200CDFD27 /* deltaTre */,
				06DD04A52813D55200CDFD27 /* Products */,
				6C92D3C7A3D737E5C3AEAF5C /* Pods */,
				1E8948698310D08BC7A2DF16 /* Frameworks */,
			);
			sourceTree = "<group>";
		};
		06DD04A52813D55200CDFD27 /* Products */ = {
			isa = PBXGroup;
			children = (
				06DD04A42813D55200CDFD27 /* deltaTre.app */,
			);
			name = Products;
			sourceTree = "<group>";
		};
		06DD04A62813D55200CDFD27 /* deltaTre */ = {
			isa = PBXGroup;
			children = (
				06DD04A72813D55200CDFD27 /* deltaTreApp.swift */,
				06DD04A92813D55300CDFD27 /* ContentView.swift */,
				06DD04B82813D63A00CDFD27 /* ViewModel */,
				06DD04B52813D58600CDFD27 /* Presentation */,
				06DD04AB2813D55500CDFD27 /* Assets.xcassets */,
				06DD04AD2813D55500CDFD27 /* Preview Content */,
			);
			path = deltaTre;
			sourceTree = "<group>";
		};
		06DD04AD2813D55500CDFD27 /* Preview Content */ = {
			isa = PBXGroup;
			children = (
				06DD04AE2813D55500CDFD27 /* Preview Assets.xcassets */,
			);
			path = "Preview Content";
			sourceTree = "<group>";
		};
		06DD04B52813D58600CDFD27 /* Presentation */ = {
			isa = PBXGroup;
			children = (
				06B1C4E12815BFE8006264F5 /* MoviesView.swift */,
				06B1C4E328165B12006264F5 /* HomeView.swift */,
			);
			path = Presentation;
			sourceTree = "<group>";
		};
		06DD04B82813D63A00CDFD27 /* ViewModel */ = {
			isa = PBXGroup;
			children = (
			);
			path = ViewModel;
			sourceTree = "<group>";
		};
		1E8948698310D08BC7A2DF16 /* Frameworks */ = {
			isa = PBXGroup;
			children = (
				CB9ABBE60DD67C2229C41609 /* Pods_deltaTre.framework */,
			);
			name = Frameworks;
			sourceTree = "<group>";
		};
		6C92D3C7A3D737E5C3AEAF5C /* Pods */ = {
			isa = PBXGroup;
			children = (
				BC4340A18896393026C87FA2 /* Pods-deltaTre.debug.xcconfig */,
				C34A893DC47B8F2B3F66945F /* Pods-deltaTre.release.xcconfig */,
			);
			path = Pods;
			sourceTree = "<group>";
		};
/* End PBXGroup section */

/* Begin PBXNativeTarget section */
		06DD04A32813D55200CDFD27 /* deltaTre */ = {
			isa = PBXNativeTarget;
			buildConfigurationList = 06DD04B22813D55500CDFD27 /* Build configuration list for PBXNativeTarget "deltaTre" */;
			buildPhases = (
				D82B72E6090D36C988906FEC /* [CP] Check Pods Manifest.lock */,
				06DD04A02813D55200CDFD27 /* Sources */,
				06DD04A12813D55200CDFD27 /* Frameworks */,
				06DD04A22813D55200CDFD27 /* Resources */,
			);
			buildRules = (
			);
			dependencies = (
			);
			name = deltaTre;
			productName = deltaTre;
			productReference = 06DD04A42813D55200CDFD27 /* deltaTre.app */;
			productType = "com.apple.product-type.application";
		};
/* End PBXNativeTarget section */

/* Begin PBXProject section */
		06DD049C2813D55200CDFD27 /* Project object */ = {
			isa = PBXProject;
			attributes = {
				BuildIndependentTargetsInParallel = 1;
				LastSwiftUpdateCheck = 1320;
				LastUpgradeCheck = 1320;
				TargetAttributes = {
					06DD04A32813D55200CDFD27 = {
						CreatedOnToolsVersion = 13.2.1;
					};
				};
			};
			buildConfigurationList = 06DD049F2813D55200CDFD27 /* Build configuration list for PBXProject "deltaTre" */;
			compatibilityVersion = "Xcode 13.0";
			developmentRegion = en;
			hasScannedForEncodings = 0;
			knownRegions = (
				en,
				Base,
			);
			mainGroup = 06DD049B2813D55200CDFD27;
			productRefGroup = 06DD04A52813D55200CDFD27 /* Products */;
			projectDirPath = "";
			projectRoot = "";
			targets = (
				06DD04A32813D55200CDFD27 /* deltaTre */,
			);
		};
/* End PBXProject section */

/* Begin PBXResourcesBuildPhase section */
		06DD04A22813D55200CDFD27 /* Resources */ = {
			isa = PBXResourcesBuildPhase;
			buildActionMask = 2147483647;
			files = (
				06DD04AF2813D55500CDFD27 /* Preview Assets.xcassets in Resources */,
				06DD04AC2813D55500CDFD27 /* Assets.xcassets in Resources */,
			);
			runOnlyForDeploymentPostprocessing = 0;
		};
/* End PBXResourcesBuildPhase section */

/* Begin PBXShellScriptBuildPhase section */
		D82B72E6090D36C988906FEC /* [CP] Check Pods Manifest.lock */ = {
			isa = PBXShellScriptBuildPhase;
			buildActionMask = 2147483647;
			files = (
			);
			inputFileListPaths = (
			);
			inputPaths = (
				"${PODS_PODFILE_DIR_PATH}/Podfile.lock",
				"${PODS_ROOT}/Manifest.lock",
			);
			name = "[CP] Check Pods Manifest.lock";
			outputFileListPaths = (
			);
			outputPaths = (
				"$(DERIVED_FILE_DIR)/Pods-deltaTre-checkManifestLockResult.txt",
			);
			runOnlyForDeploymentPostprocessing = 0;
			shellPath = /bin/sh;
			shellScript = "diff \"${PODS_PODFILE_DIR_PATH}/Podfile.lock\" \"${PODS_ROOT}/Manifest.lock\" > /dev/null\nif [ $? != 0 ] ; then\n    # print error to STDERR\n    echo \"error: The sandbox is not in sync with the Podfile.lock. Run 'pod install' or update your CocoaPods installation.\" >&2\n    exit 1\nfi\n# This output is used by Xcode 'outputs' to avoid re-running this script phase.\necho \"SUCCESS\" > \"${SCRIPT_OUTPUT_FILE_0}\"\n";
			showEnvVarsInLog = 0;
		};
/* End PBXShellScriptBuildPhase section */

/* Begin PBXSourcesBuildPhase section */
		06DD04A02813D55200CDFD27 /* Sources */ = {
			isa = PBXSourcesBuildPhase;
			buildActionMask = 2147483647;
			files = (
				06B1C4E22815BFE8006264F5 /* MoviesView.swift in Sources */,
				06DD04AA2813D55300CDFD27 /* ContentView.swift in Sources */,
				06B1C4E428165B12006264F5 /* HomeView.swift in Sources */,
				06DD04A82813D55200CDFD27 /* deltaTreApp.swift in Sources */,
			);
			runOnlyForDeploymentPostprocessing = 0;
		};
/* End PBXSourcesBuildPhase section */

/* Begin XCBuildConfiguration section */
		06DD04B02813D55500CDFD27 /* Debug */ = {
			isa = XCBuildConfiguration;
			buildSettings = {
				ALWAYS_SEARCH_USER_PATHS = NO;
				CLANG_ANALYZER_NONNULL = YES;
				CLANG_ANALYZER_NUMBER_OBJECT_CONVERSION = YES_AGGRESSIVE;
				CLANG_CXX_LANGUAGE_STANDARD = "gnu++17";
				CLANG_CXX_LIBRARY = "libc++";
				CLANG_ENABLE_MODULES = YES;
				CLANG_ENABLE_OBJC_ARC = YES;
				CLANG_ENABLE_OBJC_WEAK = YES;
				CLANG_WARN_BLOCK_CAPTURE_AUTORELEASING = YES;
				CLANG_WARN_BOOL_CONVERSION = YES;
				CLANG_WARN_COMMA = YES;
				CLANG_WARN_CONSTANT_CONVERSION = YES;
				CLANG_WARN_DEPRECATED_OBJC_IMPLEMENTATIONS = YES;
				CLANG_WARN_DIRECT_OBJC_ISA_USAGE = YES_ERROR;
				CLANG_WARN_DOCUMENTATION_COMMENTS = YES;
				CLANG_WARN_EMPTY_BODY = YES;
				CLANG_WARN_ENUM_CONVERSION = YES;
				CLANG_WARN_INFINITE_RECURSION = YES;
				CLANG_WARN_INT_CONVERSION = YES;
				CLANG_WARN_NON_LITERAL_NULL_CONVERSION = YES;
				CLANG_WARN_OBJC_IMPLICIT_RETAIN_SELF = YES;
				CLANG_WARN_OBJC_LITERAL_CONVERSION = YES;
				CLANG_WARN_OBJC_ROOT_CLASS = YES_ERROR;
				CLANG_WARN_QUOTED_INCLUDE_IN_FRAMEWORK_HEADER = YES;
				CLANG_WARN_RANGE_LOOP_ANALYSIS = YES;
				CLANG_WARN_STRICT_PROTOTYPES = YES;
				CLANG_WARN_SUSPICIOUS_MOVE = YES;
				CLANG_WARN_UNGUARDED_AVAILABILITY = YES_AGGRESSIVE;
				CLANG_WARN_UNREACHABLE_CODE = YES;
				CLANG_WARN__DUPLICATE_METHOD_MATCH = YES;
				COPY_PHASE_STRIP = NO;
				DEBUG_INFORMATION_FORMAT = dwarf;
				ENABLE_STRICT_OBJC_MSGSEND = YES;
				ENABLE_TESTABILITY = YES;
				GCC_C_LANGUAGE_STANDARD = gnu11;
				GCC_DYNAMIC_NO_PIC = NO;
				GCC_NO_COMMON_BLOCKS = YES;
				GCC_OPTIMIZATION_LEVEL = 0;
				GCC_PREPROCESSOR_DEFINITIONS = (
					"DEBUG=1",
					"$(inherited)",
				);
				GCC_WARN_64_TO_32_BIT_CONVERSION = YES;
				GCC_WARN_ABOUT_RETURN_TYPE = YES_ERROR;
				GCC_WARN_UNDECLARED_SELECTOR = YES;
				GCC_WARN_UNINITIALIZED_AUTOS = YES_AGGRESSIVE;
				GCC_WARN_UNUSED_FUNCTION = YES;
				GCC_WARN_UNUSED_VARIABLE = YES;
				IPHONEOS_DEPLOYMENT_TARGET = 15.0;
				MTL_ENABLE_DEBUG_INFO = INCLUDE_SOURCE;
				MTL_FAST_MATH = YES;
				ONLY_ACTIVE_ARCH = YES;
				SDKROOT = iphoneos;
				SWIFT_ACTIVE_COMPILATION_CONDITIONS = DEBUG;
				SWIFT_OPTIMIZATION_LEVEL = "-Onone";
			};
			name = Debug;
		};
		06DD04B12813D55500CDFD27 /* Release */ = {
			isa = XCBuildConfiguration;
			buildSettings = {
				ALWAYS_SEARCH_USER_PATHS = NO;
				CLANG_ANALYZER_NONNULL = YES;
				CLANG_ANALYZER_NUMBER_OBJECT_CONVERSION = YES_AGGRESSIVE;
				CLANG_CXX_LANGUAGE_STANDARD = "gnu++17";
				CLANG_CXX_LIBRARY = "libc++";
				CLANG_ENABLE_MODULES = YES;
				CLANG_ENABLE_OBJC_ARC = YES;
				CLANG_ENABLE_OBJC_WEAK = YES;
				CLANG_WARN_BLOCK_CAPTURE_AUTORELEASING = YES;
				CLANG_WARN_BOOL_CONVERSION = YES;
				CLANG_WARN_COMMA = YES;
				CLANG_WARN_CONSTANT_CONVERSION = YES;
				CLANG_WARN_DEPRECATED_OBJC_IMPLEMENTATIONS = YES;
				CLANG_WARN_DIRECT_OBJC_ISA_USAGE = YES_ERROR;
				CLANG_WARN_DOCUMENTATION_COMMENTS = YES;
				CLANG_WARN_EMPTY_BODY = YES;
				CLANG_WARN_ENUM_CONVERSION = YES;
				CLANG_WARN_INFINITE_RECURSION = YES;
				CLANG_WARN_INT_CONVERSION = YES;
				CLANG_WARN_NON_LITERAL_NULL_CONVERSION = YES;
				CLANG_WARN_OBJC_IMPLICIT_RETAIN_SELF = YES;
				CLANG_WARN_OBJC_LITERAL_CONVERSION = YES;
				CLANG_WARN_OBJC_ROOT_CLASS = YES_ERROR;
				CLANG_WARN_QUOTED_INCLUDE_IN_FRAMEWORK_HEADER = YES;
				CLANG_WARN_RANGE_LOOP_ANALYSIS = YES;
				CLANG_WARN_STRICT_PROTOTYPES = YES;
				CLANG_WARN_SUSPICIOUS_MOVE = YES;
				CLANG_WARN_UNGUARDED_AVAILABILITY = YES_AGGRESSIVE;
				CLANG_WARN_UNREACHABLE_CODE = YES;
				CLANG_WARN__DUPLICATE_METHOD_MATCH = YES;
				COPY_PHASE_STRIP = NO;
				DEBUG_INFORMATION_FORMAT = "dwarf-with-dsym";
				ENABLE_NS_ASSERTIONS = NO;
				ENABLE_STRICT_OBJC_MSGSEND = YES;
				GCC_C_LANGUAGE_STANDARD = gnu11;
				GCC_NO_COMMON_BLOCKS = YES;
				GCC_WARN_64_TO_32_BIT_CONVERSION = YES;
				GCC_WARN_ABOUT_RETURN_TYPE = YES_ERROR;
				GCC_WARN_UNDECLARED_SELECTOR = YES;
				GCC_WARN_UNINITIALIZED_AUTOS = YES_AGGRESSIVE;
				GCC_WARN_UNUSED_FUNCTION = YES;
				GCC_WARN_UNUSED_VARIABLE = YES;
				IPHONEOS_DEPLOYMENT_TARGET = 15.0;
				MTL_ENABLE_DEBUG_INFO = NO;
				MTL_FAST_MATH = YES;
				SDKROOT = iphoneos;
				SWIFT_COMPILATION_MODE = wholemodule;
				SWIFT_OPTIMIZATION_LEVEL = "-O";
				VALIDATE_PRODUCT = YES;
			};
			name = Release;
		};
		06DD04B32813D55500CDFD27 /* Debug */ = {
			isa = XCBuildConfiguration;
			baseConfigurationReference = BC4340A18896393026C87FA2 /* Pods-deltaTre.debug.xcconfig */;
			buildSettings = {
				ASSETCATALOG_COMPILER_APPICON_NAME = AppIcon;
				ASSETCATALOG_COMPILER_GLOBAL_ACCENT_COLOR_NAME = AccentColor;
				CODE_SIGN_STYLE = Automatic;
				CURRENT_PROJECT_VERSION = 1;
				DEVELOPMENT_ASSET_PATHS = "\"deltaTre/Preview Content\"";
				ENABLE_PREVIEWS = YES;
				GENERATE_INFOPLIST_FILE = YES;
				INFOPLIST_KEY_UIApplicationSceneManifest_Generation = YES;
				INFOPLIST_KEY_UIApplicationSupportsIndirectInputEvents = YES;
				INFOPLIST_KEY_UILaunchScreen_Generation = YES;
				INFOPLIST_KEY_UISupportedInterfaceOrientations_iPad = "UIInterfaceOrientationPortrait UIInterfaceOrientationPortraitUpsideDown UIInterfaceOrientationLandscapeLeft UIInterfaceOrientationLandscapeRight";
				INFOPLIST_KEY_UISupportedInterfaceOrientations_iPhone = "UIInterfaceOrientationPortrait UIInterfaceOrientationLandscapeLeft UIInterfaceOrientationLandscapeRight";
				LD_RUNPATH_SEARCH_PATHS = (
					"$(inherited)",
					"@executable_path/Frameworks",
				);
				MARKETING_VERSION = 1.0;
				PRODUCT_BUNDLE_IDENTIFIER = com.iosapptemplate.tutorial.deltatre.deltaTre;
				PRODUCT_NAME = "$(TARGET_NAME)";
				SWIFT_EMIT_LOC_STRINGS = YES;
				SWIFT_VERSION = 5.0;
				TARGETED_DEVICE_FAMILY = "1,2";
			};
			name = Debug;
		};
		06DD04B42813D55500CDFD27 /* Release */ = {
			isa = XCBuildConfiguration;
			baseConfigurationReference = C34A893DC47B8F2B3F66945F /* Pods-deltaTre.release.xcconfig */;
			buildSettings = {
				ASSETCATALOG_COMPILER_APPICON_NAME = AppIcon;
				ASSETCATALOG_COMPILER_GLOBAL_ACCENT_COLOR_NAME = AccentColor;
				CODE_SIGN_STYLE = Automatic;
				CURRENT_PROJECT_VERSION = 1;
				DEVELOPMENT_ASSET_PATHS = "\"deltaTre/Preview Content\"";
				ENABLE_PREVIEWS = YES;
				GENERATE_INFOPLIST_FILE = YES;
				INFOPLIST_KEY_UIApplicationSceneManifest_Generation = YES;
				INFOPLIST_KEY_UIApplicationSupportsIndirectInputEvents = YES;
				INFOPLIST_KEY_UILaunchScreen_Generation = YES;
				INFOPLIST_KEY_UISupportedInterfaceOrientations_iPad = "UIInterfaceOrientationPortrait UIInterfaceOrientationPortraitUpsideDown UIInterfaceOrientationLandscapeLeft UIInterfaceOrientationLandscapeRight";
				INFOPLIST_KEY_UISupportedInterfaceOrientations_iPhone = "UIInterfaceOrientationPortrait UIInterfaceOrientationLandscapeLeft UIInterfaceOrientationLandscapeRight";
				LD_RUNPATH_SEARCH_PATHS = (
					"$(inherited)",
					"@executable_path/Frameworks",
				);
				MARKETING_VERSION = 1.0;
				PRODUCT_BUNDLE_IDENTIFIER = com.iosapptemplate.tutorial.deltatre.deltaTre;
				PRODUCT_NAME = "$(TARGET_NAME)";
				SWIFT_EMIT_LOC_STRINGS = YES;
				SWIFT_VERSION = 5.0;
				TARGETED_DEVICE_FAMILY = "1,2";
			};
			name = Release;
		};
/* End XCBuildConfiguration section */

/* Begin XCConfigurationList section */
		06DD049F2813D55200CDFD27 /* Build configuration list for PBXProject "deltaTre" */ = {
			isa = XCConfigurationList;
			buildConfigurations = (
				06DD04B02813D55500CDFD27 /* Debug */,
				06DD04B12813D55500CDFD27 /* Release */,
			);
			defaultConfigurationIsVisible = 0;
			defaultConfigurationName = Release;
		};
		06DD04B22813D55500CDFD27 /* Build configuration list for PBXNativeTarget "deltaTre" */ = {
			isa = XCConfigurationList;
			buildConfigurations = (
				06DD04B32813D55500CDFD27 /* Debug */,
				06DD04B42813D55500CDFD27 /* Release */,
			);
			defaultConfigurationIsVisible = 0;
			defaultConfigurationName = Release;
		};
/* End XCConfigurationList section */
	};
	rootObject = 06DD049C2813D55200CDFD27 /* Project object */;
}
